
Microsoft Visual Studio Solution File, Format Version 12.00
# Visual Studio Version 16
VisualStudioVersion = 16.0.31005.135
MinimumVisualStudioVersion = 10.0.40219.1
Project("{FAE04EC0-301F-11D3-BF4B-00C04F79EFBC}") = "sales-system-2", "sales-system-2\sales-system-2.csproj", "{2B53D0B5-1F12-4B9B-81B8-5AB7653B3AE2}"
EndProject
Global
	GlobalSection(SolutionConfigurationPlatforms) = preSolution
		Debug|Any CPU = Debug|Any CPU
		Release|Any CPU = Release|Any CPU
	EndGlobalSection
	GlobalSection(ProjectConfigurationPlatforms) = postSolution
		{2B53D0B5-1F12-4B9B-81B8-5AB7653B3AE2}.Debug|Any CPU.ActiveCfg = Debug|Any CPU
		{2B53D0B5-1F12-4B9B-81B8-5AB7653B3AE2}.Debug|Any CPU.Build.0 = Debug|Any CPU
		{2B53D0B5-1F12-4B9B-81B8-5AB7653B3AE2}.Release|Any CPU.ActiveCfg = Release|Any CPU
		{2B53D0B5-1F12-4B9B-81B8-5AB7653B3AE2}.Release|Any CPU.Build.0 = Release|Any CPU
	EndGlobalSection
	GlobalSection(SolutionProperties) = preSolution
		HideSolutionNode = FALSE
	EndGlobalSection
	GlobalSection(ExtensibilityGlobals) = postSolution
		SolutionGuid = {5BCE8C4B-0790-4645-BA6A-386987333CB6}
	EndGlobalSection
EndGlobal
